
Microsoft Visual Studio Solution File, Format Version 12.00
# Visual Studio 2013
VisualStudioVersion = 12.0.21005.1
MinimumVisualStudioVersion = 10.0.40219.1
Project("{FAE04EC0-301F-11D3-BF4B-00C04F79EFBC}") = "NewtonRootMethod", "NewtonRootMethod\NewtonRootMethod.csproj", "{08DA3444-1F1C-4B9F-A655-95153BD7BAD8}"
EndProject
Project("{FAE04EC0-301F-11D3-BF4B-00C04F79EFBC}") = "TestRootByNewton", "TestRootByNewton\TestRootByNewton.csproj", "{538A981E-0848-4B57-8CF4-28FA8DEADA2B}"
EndProject
Global
	GlobalSection(SolutionConfigurationPlatforms) = preSolution
		Debug|Any CPU = Debug|Any CPU
		Release|Any CPU = Release|Any CPU
	EndGlobalSection
	GlobalSection(ProjectConfigurationPlatforms) = postSolution
		{08DA3444-1F1C-4B9F-A655-95153BD7BAD8}.Debug|Any CPU.ActiveCfg = Debug|Any CPU
		{08DA3444-1F1C-4B9F-A655-95153BD7BAD8}.Debug|Any CPU.Build.0 = Debug|Any CPU
		{08DA3444-1F1C-4B9F-A655-95153BD7BAD8}.Release|Any CPU.ActiveCfg = Release|Any CPU
		{08DA3444-1F1C-4B9F-A655-95153BD7BAD8}.Release|Any CPU.Build.0 = Release|Any CPU
		{538A981E-0848-4B57-8CF4-28FA8DEADA2B}.Debug|Any CPU.ActiveCfg = Debug|Any CPU
		{538A981E-0848-4B57-8CF4-28FA8DEADA2B}.Debug|Any CPU.Build.0 = Debug|Any CPU
		{538A981E-0848-4B57-8CF4-28FA8DEADA2B}.Release|Any CPU.ActiveCfg = Release|Any CPU
		{538A981E-0848-4B57-8CF4-28FA8DEADA2B}.Release|Any CPU.Build.0 = Release|Any CPU
	EndGlobalSection
	GlobalSection(SolutionProperties) = preSolution
		HideSolutionNode = FALSE
	EndGlobalSection
EndGlobal
